
Microsoft Visual Studio Solution File, Format Version 12.00
# Visual Studio 15
VisualStudioVersion = 15.0.28307.1231
MinimumVisualStudioVersion = 10.0.40219.1
Project("{FAE04EC0-301F-11D3-BF4B-00C04F79EFBC}") = "ATMProj", "ATMProj\ATMProj.csproj", "{FD0205DA-7F68-47F1-BF0C-96C7EB5B486E}"
EndProject
Global
	GlobalSection(SolutionConfigurationPlatforms) = preSolution
		Debug|Any CPU = Debug|Any CPU
		Release|Any CPU = Release|Any CPU
	EndGlobalSection
	GlobalSection(ProjectConfigurationPlatforms) = postSolution
		{FD0205DA-7F68-47F1-BF0C-96C7EB5B486E}.Debug|Any CPU.ActiveCfg = Debug|Any CPU
		{FD0205DA-7F68-47F1-BF0C-96C7EB5B486E}.Debug|Any CPU.Build.0 = Debug|Any CPU
		{FD0205DA-7F68-47F1-BF0C-96C7EB5B486E}.Release|Any CPU.ActiveCfg = Release|Any CPU
		{FD0205DA-7F68-47F1-BF0C-96C7EB5B486E}.Release|Any CPU.Build.0 = Release|Any CPU
	EndGlobalSection
	GlobalSection(SolutionProperties) = preSolution
		HideSolutionNode = FALSE
	EndGlobalSection
	GlobalSection(ExtensibilityGlobals) = postSolution
		SolutionGuid = {A8DC26F0-7B5A-443B-91DE-D5591CAE4228}
	EndGlobalSection
EndGlobal
